
Microsoft Visual Studio Solution File, Format Version 11.00
# Visual Studio 2010
Project("{8BC9CEB8-8B4A-11D0-8D11-00A0C91BC942}") = "boost_accumulators", "boost_accumulators\boost_accumulators.vcxproj", "{F96C1D48-6ABD-40A0-8281-D4CB7C42FDD2}"
EndProject
Global
	GlobalSection(SolutionConfigurationPlatforms) = preSolution
		Debug|Win32 = Debug|Win32
		Release|Win32 = Release|Win32
	EndGlobalSection
	GlobalSection(ProjectConfigurationPlatforms) = postSolution
		{F96C1D48-6ABD-40A0-8281-D4CB7C42FDD2}.Debug|Win32.ActiveCfg = Debug|Win32
		{F96C1D48-6ABD-40A0-8281-D4CB7C42FDD2}.Debug|Win32.Build.0 = Debug|Win32
		{F96C1D48-6ABD-40A0-8281-D4CB7C42FDD2}.Release|Win32.ActiveCfg = Release|Win32
		{F96C1D48-6ABD-40A0-8281-D4CB7C42FDD2}.Release|Win32.Build.0 = Release|Win32
	EndGlobalSection
	GlobalSection(SolutionProperties) = preSolution
		HideSolutionNode = FALSE
	EndGlobalSection
EndGlobal
